
Microsoft Visual Studio Solution File, Format Version 12.00
# Visual Studio Version 17
VisualStudioVersion = 17.3.32804.467
MinimumVisualStudioVersion = 10.0.40219.1
Project("{FAE04EC0-301F-11D3-BF4B-00C04F79EFBC}") = "BinaryTree", "BinaryTree.csproj", "{DD382D38-9CF5-42C0-BB31-CF8ECB9AD51D}"
EndProject
Global
	GlobalSection(SolutionConfigurationPlatforms) = preSolution
		Debug|Any CPU = Debug|Any CPU
		Release|Any CPU = Release|Any CPU
	EndGlobalSection
	GlobalSection(ProjectConfigurationPlatforms) = postSolution
		{DD382D38-9CF5-42C0-BB31-CF8ECB9AD51D}.Debug|Any CPU.ActiveCfg = Debug|Any CPU
		{DD382D38-9CF5-42C0-BB31-CF8ECB9AD51D}.Debug|Any CPU.Build.0 = Debug|Any CPU
		{DD382D38-9CF5-42C0-BB31-CF8ECB9AD51D}.Release|Any CPU.ActiveCfg = Release|Any CPU
		{DD382D38-9CF5-42C0-BB31-CF8ECB9AD51D}.Release|Any CPU.Build.0 = Release|Any CPU
	EndGlobalSection
	GlobalSection(SolutionProperties) = preSolution
		HideSolutionNode = FALSE
	EndGlobalSection
	GlobalSection(ExtensibilityGlobals) = postSolution
		SolutionGuid = {CFC3D224-5D8A-4E5F-B6BD-F2ED7935F74E}
	EndGlobalSection
EndGlobal
